// !$*UTF8*$!
{
	archiveVersion = 1;
	classes = {
	};
	objectVersion = 48;
	objects = {

/* Begin PBXBuildFile section */
		832C3A812A52BD749CF293B5 /* Pods_Signal.framework in Frameworks */ = {isa = PBXBuildFile; fileRef = 92E46277D4B18BA61EFC9A55 /* Pods_Signal.framework */; };
		981034091FB7F3A700E84123 /* Assets.xcassets in Resources */ = {isa = PBXBuildFile; fileRef = 98219EFA1FB708CD003E88AF /* Assets.xcassets */; };
		9810340D1FB81EAA00E84123 /* BorderedTextField.swift in Sources */ = {isa = PBXBuildFile; fileRef = 9810340C1FB81EAA00E84123 /* BorderedTextField.swift */; };
		98219EF81FB708AB003E88AF /* LaunchScreen.storyboard in Resources */ = {isa = PBXBuildFile; fileRef = 98219EF71FB708AB003E88AF /* LaunchScreen.storyboard */; };
		988518FA1FB6EC50002E3E46 /* AppDelegate.swift in Sources */ = {isa = PBXBuildFile; fileRef = 988518F91FB6EC50002E3E46 /* AppDelegate.swift */; };
		98B2F14C1FB752C8003BA368 /* LoginViewController.swift in Sources */ = {isa = PBXBuildFile; fileRef = 98B2F14B1FB752C8003BA368 /* LoginViewController.swift */; };
/* End PBXBuildFile section */

/* Begin PBXFileReference section */
		104305003317C5C293536228 /* Pods-Signal.debug.xcconfig */ = {isa = PBXFileReference; includeInIndex = 1; lastKnownFileType = text.xcconfig; name = "Pods-Signal.debug.xcconfig"; path = "Pods/Target Support Files/Pods-Signal/Pods-Signal.debug.xcconfig"; sourceTree = "<group>"; };
		92E46277D4B18BA61EFC9A55 /* Pods_Signal.framework */ = {isa = PBXFileReference; explicitFileType = wrapper.framework; includeInIndex = 0; path = Pods_Signal.framework; sourceTree = BUILT_PRODUCTS_DIR; };
		9810340C1FB81EAA00E84123 /* BorderedTextField.swift */ = {isa = PBXFileReference; lastKnownFileType = sourcecode.swift; path = BorderedTextField.swift; sourceTree = "<group>"; };
		98219EF21FB70846003E88AF /* Info.plist */ = {isa = PBXFileReference; lastKnownFileType = text.plist.xml; path = Info.plist; sourceTree = "<group>"; };
		98219EF71FB708AB003E88AF /* LaunchScreen.storyboard */ = {isa = PBXFileReference; lastKnownFileType = file.storyboard; path = LaunchScreen.storyboard; sourceTree = "<group>"; };
		98219EFA1FB708CD003E88AF /* Assets.xcassets */ = {isa = PBXFileReference; lastKnownFileType = folder.assetcatalog; path = Assets.xcassets; sourceTree = "<group>"; };
		988518F61FB6EC50002E3E46 /* Signal.app */ = {isa = PBXFileReference; explicitFileType = wrapper.application; includeInIndex = 0; path = Signal.app; sourceTree = BUILT_PRODUCTS_DIR; };
		988518F91FB6EC50002E3E46 /* AppDelegate.swift */ = {isa = PBXFileReference; lastKnownFileType = sourcecode.swift; path = AppDelegate.swift; sourceTree = "<group>"; };
		98B2F14B1FB752C8003BA368 /* LoginViewController.swift */ = {isa = PBXFileReference; fileEncoding = 4; lastKnownFileType = sourcecode.swift; path = LoginViewController.swift; sourceTree = "<group>"; };
		F7E8E35E3A3441B53D38A8DF /* Pods-Signal.release.xcconfig */ = {isa = PBXFileReference; includeInIndex = 1; lastKnownFileType = text.xcconfig; name = "Pods-Signal.release.xcconfig"; path = "Pods/Target Support Files/Pods-Signal/Pods-Signal.release.xcconfig"; sourceTree = "<group>"; };
/* End PBXFileReference section */

/* Begin PBXFrameworksBuildPhase section */
		988518F31FB6EC50002E3E46 /* Frameworks */ = {
			isa = PBXFrameworksBuildPhase;
			buildActionMask = 2147483647;
			files = (
				832C3A812A52BD749CF293B5 /* Pods_Signal.framework in Frameworks */,
			);
			runOnlyForDeploymentPostprocessing = 0;
		};
/* End PBXFrameworksBuildPhase section */

/* Begin PBXGroup section */
		2F09662DEBDEDAAD9B1AD8EA /* Frameworks */ = {
			isa = PBXGroup;
			children = (
				92E46277D4B18BA61EFC9A55 /* Pods_Signal.framework */,
			);
			name = Frameworks;
			sourceTree = "<group>";
		};
		9810340B1FB81E6E00E84123 /* Views */ = {
			isa = PBXGroup;
			children = (
				9810340C1FB81EAA00E84123 /* BorderedTextField.swift */,
			);
			path = Views;
			sourceTree = "<group>";
		};
		98219EF91FB708CD003E88AF /* Resources */ = {
			isa = PBXGroup;
			children = (
				98219EF71FB708AB003E88AF /* LaunchScreen.storyboard */,
				98219EFA1FB708CD003E88AF /* Assets.xcassets */,
			);
			path = Resources;
			sourceTree = "<group>";
		};
		988518ED1FB6EC50002E3E46 = {
			isa = PBXGroup;
			children = (
				988518F81FB6EC50002E3E46 /* Signal */,
				988518F71FB6EC50002E3E46 /* Products */,
				A32570C22BB0F9E909C3A169 /* Pods */,
				2F09662DEBDEDAAD9B1AD8EA /* Frameworks */,
			);
			sourceTree = "<group>";
		};
		988518F71FB6EC50002E3E46 /* Products */ = {
			isa = PBXGroup;
			children = (
				988518F61FB6EC50002E3E46 /* Signal.app */,
			);
			name = Products;
			sourceTree = "<group>";
		};
		988518F81FB6EC50002E3E46 /* Signal */ = {
			isa = PBXGroup;
			children = (
				989FD8211FB702E9009AE277 /* Sources */,
				98219EF91FB708CD003E88AF /* Resources */,
				98219EF21FB70846003E88AF /* Info.plist */,
			);
			path = Signal;
			sourceTree = "<group>";
		};
		989FD8211FB702E9009AE277 /* Sources */ = {
			isa = PBXGroup;
			children = (
				988518F91FB6EC50002E3E46 /* AppDelegate.swift */,
				98B2F14A1FB752C8003BA368 /* ViewControllers */,
				9810340B1FB81E6E00E84123 /* Views */,
			);
			path = Sources;
			sourceTree = "<group>";
		};
		98B2F14A1FB752C8003BA368 /* ViewControllers */ = {
			isa = PBXGroup;
			children = (
				98B2F14B1FB752C8003BA368 /* LoginViewController.swift */,
			);
			path = ViewControllers;
			sourceTree = "<group>";
		};
		A32570C22BB0F9E909C3A169 /* Pods */ = {
			isa = PBXGroup;
			children = (
				104305003317C5C293536228 /* Pods-Signal.debug.xcconfig */,
				F7E8E35E3A3441B53D38A8DF /* Pods-Signal.release.xcconfig */,
			);
			name = Pods;
			sourceTree = "<group>";
		};
/* End PBXGroup section */

/* Begin PBXNativeTarget section */
		988518F51FB6EC50002E3E46 /* Signal */ = {
			isa = PBXNativeTarget;
			buildConfigurationList = 988519081FB6EC50002E3E46 /* Build configuration list for PBXNativeTarget "Signal" */;
			buildPhases = (
				FDB1C1B635B5497C1AC09283 /* [CP] Check Pods Manifest.lock */,
				988518F21FB6EC50002E3E46 /* Sources */,
				988518F31FB6EC50002E3E46 /* Frameworks */,
				988518F41FB6EC50002E3E46 /* Resources */,
				2741FA70D09FA483ADFBBF62 /* [CP] Embed Pods Frameworks */,
				644C45266142D0F1B4258E32 /* [CP] Copy Pods Resources */,
			);
			buildRules = (
			);
			dependencies = (
			);
			name = Signal;
			productName = Signal;
			productReference = 988518F61FB6EC50002E3E46 /* Signal.app */;
			productType = "com.apple.product-type.application";
		};
/* End PBXNativeTarget section */

/* Begin PBXProject section */
		988518EE1FB6EC50002E3E46 /* Project object */ = {
			isa = PBXProject;
			attributes = {
				LastSwiftUpdateCheck = 0900;
				LastUpgradeCheck = 0900;
				ORGANIZATIONNAME = k1mtruth;
				TargetAttributes = {
					988518F51FB6EC50002E3E46 = {
						CreatedOnToolsVersion = 9.0;
						ProvisioningStyle = Automatic;
					};
				};
			};
			buildConfigurationList = 988518F11FB6EC50002E3E46 /* Build configuration list for PBXProject "Signal" */;
			compatibilityVersion = "Xcode 8.0";
			developmentRegion = en;
			hasScannedForEncodings = 0;
			knownRegions = (
				en,
				Base,
			);
			mainGroup = 988518ED1FB6EC50002E3E46;
			productRefGroup = 988518F71FB6EC50002E3E46 /* Products */;
			projectDirPath = "";
			projectRoot = "";
			targets = (
				988518F51FB6EC50002E3E46 /* Signal */,
			);
		};
/* End PBXProject section */

/* Begin PBXResourcesBuildPhase section */
		988518F41FB6EC50002E3E46 /* Resources */ = {
			isa = PBXResourcesBuildPhase;
			buildActionMask = 2147483647;
			files = (
				981034091FB7F3A700E84123 /* Assets.xcassets in Resources */,
				98219EF81FB708AB003E88AF /* LaunchScreen.storyboard in Resources */,
			);
			runOnlyForDeploymentPostprocessing = 0;
		};
/* End PBXResourcesBuildPhase section */

/* Begin PBXShellScriptBuildPhase section */
		2741FA70D09FA483ADFBBF62 /* [CP] Embed Pods Frameworks */ = {
			isa = PBXShellScriptBuildPhase;
			buildActionMask = 2147483647;
			files = (
			);
			inputPaths = (
			);
			name = "[CP] Embed Pods Frameworks";
			outputPaths = (
			);
			runOnlyForDeploymentPostprocessing = 0;
			shellPath = /bin/sh;
			shellScript = "\"${SRCROOT}/Pods/Target Support Files/Pods-Signal/Pods-Signal-frameworks.sh\"\n";
			showEnvVarsInLog = 0;
		};
		644C45266142D0F1B4258E32 /* [CP] Copy Pods Resources */ = {
			isa = PBXShellScriptBuildPhase;
			buildActionMask = 2147483647;
			files = (
			);
			inputPaths = (
			);
			name = "[CP] Copy Pods Resources";
			outputPaths = (
			);
			runOnlyForDeploymentPostprocessing = 0;
			shellPath = /bin/sh;
			shellScript = "\"${SRCROOT}/Pods/Target Support Files/Pods-Signal/Pods-Signal-resources.sh\"\n";
			showEnvVarsInLog = 0;
		};
		FDB1C1B635B5497C1AC09283 /* [CP] Check Pods Manifest.lock */ = {
			isa = PBXShellScriptBuildPhase;
			buildActionMask = 2147483647;
			files = (
			);
			inputPaths = (
			);
			name = "[CP] Check Pods Manifest.lock";
			outputPaths = (
			);
			runOnlyForDeploymentPostprocessing = 0;
			shellPath = /bin/sh;
			shellScript = "diff \"${PODS_ROOT}/../Podfile.lock\" \"${PODS_ROOT}/Manifest.lock\" > /dev/null\nif [ $? != 0 ] ; then\n    # print error to STDERR\n    echo \"error: The sandbox is not in sync with the Podfile.lock. Run 'pod install' or update your CocoaPods installation.\" >&2\n    exit 1\nfi\n";
			showEnvVarsInLog = 0;
		};
/* End PBXShellScriptBuildPhase section */

/* Begin PBXSourcesBuildPhase section */
		988518F21FB6EC50002E3E46 /* Sources */ = {
			isa = PBXSourcesBuildPhase;
			buildActionMask = 2147483647;
			files = (
				98B2F14C1FB752C8003BA368 /* LoginViewController.swift in Sources */,
				988518FA1FB6EC50002E3E46 /* AppDelegate.swift in Sources */,
				9810340D1FB81EAA00E84123 /* BorderedTextField.swift in Sources */,
			);
			runOnlyForDeploymentPostprocessing = 0;
		};
/* End PBXSourcesBuildPhase section */

/* Begin XCBuildConfiguration section */
		988519061FB6EC50002E3E46 /* Debug */ = {
			isa = XCBuildConfiguration;
			buildSettings = {
				ALWAYS_SEARCH_USER_PATHS = NO;
				CLANG_ANALYZER_NONNULL = YES;
				CLANG_ANALYZER_NUMBER_OBJECT_CONVERSION = YES_AGGRESSIVE;
				CLANG_CXX_LANGUAGE_STANDARD = "gnu++14";
				CLANG_CXX_LIBRARY = "libc++";
				CLANG_ENABLE_MODULES = YES;
				CLANG_ENABLE_OBJC_ARC = YES;
				CLANG_WARN_BLOCK_CAPTURE_AUTORELEASING = YES;
				CLANG_WARN_BOOL_CONVERSION = YES;
				CLANG_WARN_COMMA = YES;
				CLANG_WARN_CONSTANT_CONVERSION = YES;
				CLANG_WARN_DIRECT_OBJC_ISA_USAGE = YES_ERROR;
				CLANG_WARN_DOCUMENTATION_COMMENTS = YES;
				CLANG_WARN_EMPTY_BODY = YES;
				CLANG_WARN_ENUM_CONVERSION = YES;
				CLANG_WARN_INFINITE_RECURSION = YES;
				CLANG_WARN_INT_CONVERSION = YES;
				CLANG_WARN_NON_LITERAL_NULL_CONVERSION = YES;
				CLANG_WARN_OBJC_LITERAL_CONVERSION = YES;
				CLANG_WARN_OBJC_ROOT_CLASS = YES_ERROR;
				CLANG_WARN_RANGE_LOOP_ANALYSIS = YES;
				CLANG_WARN_STRICT_PROTOTYPES = YES;
				CLANG_WARN_SUSPICIOUS_MOVE = YES;
				CLANG_WARN_UNGUARDED_AVAILABILITY = YES_AGGRESSIVE;
				CLANG_WARN_UNREACHABLE_CODE = YES;
				CLANG_WARN__DUPLICATE_METHOD_MATCH = YES;
				CODE_SIGN_IDENTITY = "iPhone Developer";
				COPY_PHASE_STRIP = NO;
				DEBUG_INFORMATION_FORMAT = dwarf;
				ENABLE_STRICT_OBJC_MSGSEND = YES;
				ENABLE_TESTABILITY = YES;
				GCC_C_LANGUAGE_STANDARD = gnu11;
				GCC_DYNAMIC_NO_PIC = NO;
				GCC_NO_COMMON_BLOCKS = YES;
				GCC_OPTIMIZATION_LEVEL = 0;
				GCC_PREPROCESSOR_DEFINITIONS = (
					"DEBUG=1",
					"$(inherited)",
				);
				GCC_WARN_64_TO_32_BIT_CONVERSION = YES;
				GCC_WARN_ABOUT_RETURN_TYPE = YES_ERROR;
				GCC_WARN_UNDECLARED_SELECTOR = YES;
				GCC_WARN_UNINITIALIZED_AUTOS = YES_AGGRESSIVE;
				GCC_WARN_UNUSED_FUNCTION = YES;
				GCC_WARN_UNUSED_VARIABLE = YES;
				IPHONEOS_DEPLOYMENT_TARGET = 11.0;
				MTL_ENABLE_DEBUG_INFO = YES;
				ONLY_ACTIVE_ARCH = YES;
				SDKROOT = iphoneos;
				SWIFT_ACTIVE_COMPILATION_CONDITIONS = DEBUG;
				SWIFT_OPTIMIZATION_LEVEL = "-Onone";
			};
			name = Debug;
		};
		988519071FB6EC50002E3E46 /* Release */ = {
			isa = XCBuildConfiguration;
			buildSettings = {
				ALWAYS_SEARCH_USER_PATHS = NO;
				CLANG_ANALYZER_NONNULL = YES;
				CLANG_ANALYZER_NUMBER_OBJECT_CONVERSION = YES_AGGRESSIVE;
				CLANG_CXX_LANGUAGE_STANDARD = "gnu++14";
				CLANG_CXX_LIBRARY = "libc++";
				CLANG_ENABLE_MODULES = YES;
				CLANG_ENABLE_OBJC_ARC = YES;
				CLANG_WARN_BLOCK_CAPTURE_AUTORELEASING = YES;
				CLANG_WARN_BOOL_CONVERSION = YES;
				CLANG_WARN_COMMA = YES;
				CLANG_WARN_CONSTANT_CONVERSION = YES;
				CLANG_WARN_DIRECT_OBJC_ISA_USAGE = YES_ERROR;
				CLANG_WARN_DOCUMENTATION_COMMENTS = YES;
				CLANG_WARN_EMPTY_BODY = YES;
				CLANG_WARN_ENUM_CONVERSION = YES;
				CLANG_WARN_INFINITE_RECURSION = YES;
				CLANG_WARN_INT_CONVERSION = YES;
				CLANG_WARN_NON_LITERAL_NULL_CONVERSION = YES;
				CLANG_WARN_OBJC_LITERAL_CONVERSION = YES;
				CLANG_WARN_OBJC_ROOT_CLASS = YES_ERROR;
				CLANG_WARN_RANGE_LOOP_ANALYSIS = YES;
				CLANG_WARN_STRICT_PROTOTYPES = YES;
				CLANG_WARN_SUSPICIOUS_MOVE = YES;
				CLANG_WARN_UNGUARDED_AVAILABILITY = YES_AGGRESSIVE;
				CLANG_WARN_UNREACHABLE_CODE = YES;
				CLANG_WARN__DUPLICATE_METHOD_MATCH = YES;
				CODE_SIGN_IDENTITY = "iPhone Developer";
				COPY_PHASE_STRIP = NO;
				DEBUG_INFORMATION_FORMAT = "dwarf-with-dsym";
				ENABLE_NS_ASSERTIONS = NO;
				ENABLE_STRICT_OBJC_MSGSEND = YES;
				GCC_C_LANGUAGE_STANDARD = gnu11;
				GCC_NO_COMMON_BLOCKS = YES;
				GCC_WARN_64_TO_32_BIT_CONVERSION = YES;
				GCC_WARN_ABOUT_RETURN_TYPE = YES_ERROR;
				GCC_WARN_UNDECLARED_SELECTOR = YES;
				GCC_WARN_UNINITIALIZED_AUTOS = YES_AGGRESSIVE;
				GCC_WARN_UNUSED_FUNCTION = YES;
				GCC_WARN_UNUSED_VARIABLE = YES;
				IPHONEOS_DEPLOYMENT_TARGET = 11.0;
				MTL_ENABLE_DEBUG_INFO = NO;
				SDKROOT = iphoneos;
				SWIFT_OPTIMIZATION_LEVEL = "-Owholemodule";
				VALIDATE_PRODUCT = YES;
			};
			name = Release;
		};
		988519091FB6EC50002E3E46 /* Debug */ = {
			isa = XCBuildConfiguration;
			baseConfigurationReference = 104305003317C5C293536228 /* Pods-Signal.debug.xcconfig */;
			buildSettings = {
				ASSETCATALOG_COMPILER_APPICON_NAME = AppIcon;
				CODE_SIGN_STYLE = Automatic;
				DEVELOPMENT_TEAM = Z79MDNXYJV;
				INFOPLIST_FILE = Signal/Info.plist;
				IPHONEOS_DEPLOYMENT_TARGET = 9.0;
				LD_RUNPATH_SEARCH_PATHS = "$(inherited) @executable_path/Frameworks";
				PRODUCT_BUNDLE_IDENTIFIER = kr.mikumiku.Signal;
				PRODUCT_NAME = "$(TARGET_NAME)";
				SWIFT_VERSION = 4.0;
				TARGETED_DEVICE_FAMILY = 1;
			};
			name = Debug;
		};
		9885190A1FB6EC50002E3E46 /* Release */ = {
			isa = XCBuildConfiguration;
			baseConfigurationReference = F7E8E35E3A3441B53D38A8DF /* Pods-Signal.release.xcconfig */;
			buildSettings = {
				ASSETCATALOG_COMPILER_APPICON_NAME = AppIcon;
				CODE_SIGN_STYLE = Automatic;
				DEVELOPMENT_TEAM = Z79MDNXYJV;
				INFOPLIST_FILE = Signal/Info.plist;
				IPHONEOS_DEPLOYMENT_TARGET = 9.0;
				LD_RUNPATH_SEARCH_PATHS = "$(inherited) @executable_path/Frameworks";
				PRODUCT_BUNDLE_IDENTIFIER = kr.mikumiku.Signal;
				PRODUCT_NAME = "$(TARGET_NAME)";
				SWIFT_VERSION = 4.0;
				TARGETED_DEVICE_FAMILY = 1;
			};
			name = Release;
		};
/* End XCBuildConfiguration section */

/* Begin XCConfigurationList section */
		988518F11FB6EC50002E3E46 /* Build configuration list for PBXProject "Signal" */ = {
			isa = XCConfigurationList;
			buildConfigurations = (
				988519061FB6EC50002E3E46 /* Debug */,
				988519071FB6EC50002E3E46 /* Release */,
			);
			defaultConfigurationIsVisible = 0;
			defaultConfigurationName = Release;
		};
		988519081FB6EC50002E3E46 /* Build configuration list for PBXNativeTarget "Signal" */ = {
			isa = XCConfigurationList;
			buildConfigurations = (
				988519091FB6EC50002E3E46 /* Debug */,
				9885190A1FB6EC50002E3E46 /* Release */,
			);
			defaultConfigurationIsVisible = 0;
			defaultConfigurationName = Release;
		};
/* End XCConfigurationList section */
	};
	rootObject = 988518EE1FB6EC50002E3E46 /* Project object */;
}
