PODS:
  - Alamofire (4.5.1)
  - SnapKit (4.0.0)
  - Then (2.2.0)

DEPENDENCIES:
  - Alamofire (~> 4.5)
  - SnapKit (~> 4.0.0)
  - Then

SPEC CHECKSUMS:
  Alamofire: 2d95912bf4c34f164fdfc335872e8c312acaea4a
  SnapKit: a42d492c16e80209130a3379f73596c3454b7694
  Then: 823f9813e1d4d0a814a5ba15e9c9d33ec7aca631

PODFILE CHECKSUM: e87cb82284da767851d98d4e090156794b169fa2

COCOAPODS: 1.1.1
